
Microsoft Visual Studio Solution File, Format Version 12.00
# Visual Studio Version 17
VisualStudioVersion = 17.8.34316.72
MinimumVisualStudioVersion = 10.0.40219.1
Project("{FAE04EC0-301F-11D3-BF4B-00C04F79EFBC}") = "studentManager", "studentManager\studentManager.csproj", "{33B0DDE6-E88D-40CC-87BE-38D0C2DAF993}"
EndProject
Global
	GlobalSection(SolutionConfigurationPlatforms) = preSolution
		Debug|Any CPU = Debug|Any CPU
		Release|Any CPU = Release|Any CPU
	EndGlobalSection
	GlobalSection(ProjectConfigurationPlatforms) = postSolution
		{33B0DDE6-E88D-40CC-87BE-38D0C2DAF993}.Debug|Any CPU.ActiveCfg = Debug|Any CPU
		{33B0DDE6-E88D-40CC-87BE-38D0C2DAF993}.Debug|Any CPU.Build.0 = Debug|Any CPU
		{33B0DDE6-E88D-40CC-87BE-38D0C2DAF993}.Release|Any CPU.ActiveCfg = Release|Any CPU
		{33B0DDE6-E88D-40CC-87BE-38D0C2DAF993}.Release|Any CPU.Build.0 = Release|Any CPU
	EndGlobalSection
	GlobalSection(SolutionProperties) = preSolution
		HideSolutionNode = FALSE
	EndGlobalSection
	GlobalSection(ExtensibilityGlobals) = postSolution
		SolutionGuid = {8A2B63C2-324E-4995-9258-468D16DDAB98}
	EndGlobalSection
EndGlobal
